<?xml version="1.0" encoding="utf-8"?>
<Project ToolsVersion="4.0" xmlns="http://schemas.microsoft.com/developer/msbuild/2003">
  <ItemGroup>
    <Filter Include="Source Files">
      <UniqueIdentifier>{4FC737F1-C7A5-4376-A066-2A32D752A2FF}</UniqueIdentifier>
      <Extensions>cpp;c;cc;cxx;def;odl;idl;hpj;bat;asm;asmx</Extensions>
    </Filter>
    <Filter Include="Resource Files">
      <UniqueIdentifier>{67DA6AB6-F800-4c08-8B7A-83BB121AAD01}</UniqueIdentifier>
      <Extensions>qrc;rc;ico;cur;bmp;dlg;rc2;rct;bin;rgs;gif;jpg;jpeg;jpe;resx;tiff;tif;png;wav;mfcribbon-ms</Extensions>
    </Filter>
    <Filter Include="Source Files\ui">
      <UniqueIdentifier>{d282810d-9f76-4ca9-aa4d-70cec484cb67}</UniqueIdentifier>
    </Filter>
    <Filter Include="Source Files\crosshatching">
      <UniqueIdentifier>{073aae5e-350c-4ab2-b6eb-7dfc51a8a003}</UniqueIdentifier>
    </Filter>
    <Filter Include="Header Files">
      <UniqueIdentifier>{93995380-89BD-4b04-88EB-625FBE52EBFB}</UniqueIdentifier>
      <Extensions>h;hh;hpp;hxx;hm;inl;inc;xsd</Extensions>
      <ParseFiles>true</ParseFiles>
    </Filter>
  </ItemGroup>
  <ItemGroup>
    <ClCompile Include="src\main.cpp">
      <Filter>Source Files</Filter>
    </ClCompile>
    <ClCompile Include="src\ui\main_window.cpp">
      <Filter>Source Files\ui</Filter>
    </ClCompile>
    <ClCompile Include="src\crosshatching\brush.cpp">
      <Filter>Source Files\crosshatching</Filter>
    </ClCompile>
    <ClCompile Include="src\crosshatching\drawing.cpp">
      <Filter>Source Files\crosshatching</Filter>
    </ClCompile>
    <ClCompile Include="src\crosshatching\geometry.cpp">
      <Filter>Source Files\crosshatching</Filter>
    </ClCompile>
    <ClCompile Include="src\crosshatching\meanshift.cpp">
      <Filter>Source Files\crosshatching</Filter>
    </ClCompile>
    <ClCompile Include="src\crosshatching\util.cpp">
      <Filter>Source Files\crosshatching</Filter>
    </ClCompile>
    <ClCompile Include="src\ui\settingctrls.cpp">
      <Filter>Source Files\ui</Filter>
    </ClCompile>
    <ClCompile Include="src\ui\float_value_slider.cpp">
      <Filter>Source Files\ui</Filter>
    </ClCompile>
    <ClCompile Include="src\crosshatching\brush_language.cpp">
      <Filter>Source Files\crosshatching</Filter>
    </ClCompile>
    <ClCompile Include="src\crosshatching\segmentation.cpp">
      <Filter>Source Files\crosshatching</Filter>
    </ClCompile>
    <ClCompile Include="src\ui\treepanel.cpp">
      <Filter>Source Files\ui</Filter>
    </ClCompile>
    <ClCompile Include="src\ui\dialogs.cpp">
      <Filter>Source Files\ui</Filter>
    </ClCompile>
    <ClCompile Include="src\ui\brush_viewer.cpp">
      <Filter>Source Files\ui</Filter>
    </ClCompile>
    <ClCompile Include="src\ui\image_box.cpp">
      <Filter>Source Files\ui</Filter>
    </ClCompile>
    <ClCompile Include="src\ui\drawing_worker.cpp">
      <Filter>Source Files\ui</Filter>
    </ClCompile>
    <ClCompile Include="src\ui\image_tab_ctrl.cpp">
      <Filter>Source Files\ui</Filter>
    </ClCompile>
    <ClCompile Include="src\crosshatching\point_set.cpp">
      <Filter>Source Files\crosshatching</Filter>
    </ClCompile>
    <ClCompile Include="src\crosshatching\brushes.cpp">
      <Filter>Source Files\crosshatching</Filter>
    </ClCompile>
  </ItemGroup>
  <ItemGroup>
    <QtRcc Include="src\ui\crosshatching.qrc">
      <Filter>Resource Files</Filter>
    </QtRcc>
  </ItemGroup>
  <ItemGroup>
    <QtMoc Include="src\ui\main_window.h">
      <Filter>Source Files\ui</Filter>
    </QtMoc>
    <QtMoc Include="src\ui\settingctrls.hpp">
      <Filter>Source Files\ui</Filter>
    </QtMoc>
    <QtMoc Include="src\ui\float_value_slider.h">
      <Filter>Source Files\ui</Filter>
    </QtMoc>
    <QtMoc Include="src\ui\treepanel.h">
      <Filter>Source Files\ui</Filter>
    </QtMoc>
    <QtMoc Include="src\ui\dialogs.h">
      <Filter>Source Files\ui</Filter>
    </QtMoc>
    <QtMoc Include="src\ui\brush_viewer.h">
      <Filter>Source Files\ui</Filter>
    </QtMoc>
    <QtMoc Include="src\ui\image_box.h">
      <Filter>Source Files\ui</Filter>
    </QtMoc>
    <QtMoc Include="src\ui\drawing_worker.h">
      <Filter>Source Files\ui</Filter>
    </QtMoc>
    <QtMoc Include="src\ui\image_tab_ctrl.h">
      <Filter>Source Files\ui</Filter>
    </QtMoc>
  </ItemGroup>
  <ItemGroup>
    <ClInclude Include="src\crosshatching\brush.hpp">
      <Filter>Source Files\crosshatching</Filter>
    </ClInclude>
    <ClInclude Include="src\crosshatching\drawing.hpp">
      <Filter>Source Files\crosshatching</Filter>
    </ClInclude>
    <ClInclude Include="src\crosshatching\geometry.hpp">
      <Filter>Source Files\crosshatching</Filter>
    </ClInclude>
    <ClInclude Include="src\crosshatching\meanshift.hpp">
      <Filter>Source Files\crosshatching</Filter>
    </ClInclude>
    <ClInclude Include="src\crosshatching\util.hpp">
      <Filter>Source Files\crosshatching</Filter>
    </ClInclude>
    <ClInclude Include="src\crosshatching\brush_language.hpp">
      <Filter>Source Files\crosshatching</Filter>
    </ClInclude>
    <ClInclude Include="src\crosshatching\peglib.h">
      <Filter>Source Files\crosshatching</Filter>
    </ClInclude>
    <ClInclude Include="src\crosshatching\segmentation.hpp">
      <Filter>Source Files\crosshatching</Filter>
    </ClInclude>
    <ClInclude Include="src\crosshatching\point_set.hpp">
      <Filter>Source Files\crosshatching</Filter>
    </ClInclude>
    <ClInclude Include="src\crosshatching\brushes.hpp">
      <Filter>Source Files\crosshatching</Filter>
    </ClInclude>
  </ItemGroup>
</Project>